// !$*UTF8*$!
{
	archiveVersion = 1;
	classes = {
	};
	objectVersion = 50;
	objects = {

/* Begin PBXBuildFile section */
		26B0E62F27853F9E00103630 /* AppDelegate.swift in Sources */ = {isa = PBXBuildFile; fileRef = 26B0E62E27853F9E00103630 /* AppDelegate.swift */; };
		26B0E63127853F9E00103630 /* SceneDelegate.swift in Sources */ = {isa = PBXBuildFile; fileRef = 26B0E63027853F9E00103630 /* SceneDelegate.swift */; };
		26B0E63327853F9E00103630 /* ViewController.swift in Sources */ = {isa = PBXBuildFile; fileRef = 26B0E63227853F9E00103630 /* ViewController.swift */; };
		26B0E63627853F9E00103630 /* Main.storyboard in Resources */ = {isa = PBXBuildFile; fileRef = 26B0E63427853F9E00103630 /* Main.storyboard */; };
		26B0E63827853FA000103630 /* Assets.xcassets in Resources */ = {isa = PBXBuildFile; fileRef = 26B0E63727853FA000103630 /* Assets.xcassets */; };
		26B0E63B27853FA000103630 /* LaunchScreen.storyboard in Resources */ = {isa = PBXBuildFile; fileRef = 26B0E63927853FA000103630 /* LaunchScreen.storyboard */; };
		26B0E6452785415100103630 /* LoggerProtocol.swift in Sources */ = {isa = PBXBuildFile; fileRef = 26B0E6442785415100103630 /* LoggerProtocol.swift */; };
		26B0E6492785416B00103630 /* Logger.swift in Sources */ = {isa = PBXBuildFile; fileRef = 26B0E6482785416B00103630 /* Logger.swift */; };
		26CD89852785448300B585FE /* SampleCodeTests.swift in Sources */ = {isa = PBXBuildFile; fileRef = 26CD89842785448300B585FE /* SampleCodeTests.swift */; };
		26CD898F278544A200B585FE /* LoggerMock.swift in Sources */ = {isa = PBXBuildFile; fileRef = 26CD898E278544A200B585FE /* LoggerMock.swift */; };
/* End PBXBuildFile section */

/* Begin PBXContainerItemProxy section */
		26CD89872785448300B585FE /* PBXContainerItemProxy */ = {
			isa = PBXContainerItemProxy;
			containerPortal = 26B0E62327853F9E00103630 /* Project object */;
			proxyType = 1;
			remoteGlobalIDString = 26B0E62A27853F9E00103630;
			remoteInfo = SampleCode;
		};
/* End PBXContainerItemProxy section */

/* Begin PBXFileReference section */
		26B0E62B27853F9E00103630 /* SampleCode.app */ = {isa = PBXFileReference; explicitFileType = wrapper.application; includeInIndex = 0; path = SampleCode.app; sourceTree = BUILT_PRODUCTS_DIR; };
		26B0E62E27853F9E00103630 /* AppDelegate.swift */ = {isa = PBXFileReference; lastKnownFileType = sourcecode.swift; path = AppDelegate.swift; sourceTree = "<group>"; };
		26B0E63027853F9E00103630 /* SceneDelegate.swift */ = {isa = PBXFileReference; lastKnownFileType = sourcecode.swift; path = SceneDelegate.swift; sourceTree = "<group>"; };
		26B0E63227853F9E00103630 /* ViewController.swift */ = {isa = PBXFileReference; lastKnownFileType = sourcecode.swift; path = ViewController.swift; sourceTree = "<group>"; };
		26B0E63527853F9E00103630 /* Base */ = {isa = PBXFileReference; lastKnownFileType = file.storyboard; name = Base; path = Base.lproj/Main.storyboard; sourceTree = "<group>"; };
		26B0E63727853FA000103630 /* Assets.xcassets */ = {isa = PBXFileReference; lastKnownFileType = folder.assetcatalog; path = Assets.xcassets; sourceTree = "<group>"; };
		26B0E63A27853FA000103630 /* Base */ = {isa = PBXFileReference; lastKnownFileType = file.storyboard; name = Base; path = Base.lproj/LaunchScreen.storyboard; sourceTree = "<group>"; };
		26B0E63C27853FA000103630 /* Info.plist */ = {isa = PBXFileReference; lastKnownFileType = text.plist.xml; path = Info.plist; sourceTree = "<group>"; };
		26B0E6442785415100103630 /* LoggerProtocol.swift */ = {isa = PBXFileReference; lastKnownFileType = sourcecode.swift; path = LoggerProtocol.swift; sourceTree = "<group>"; };
		26B0E6482785416B00103630 /* Logger.swift */ = {isa = PBXFileReference; lastKnownFileType = sourcecode.swift; path = Logger.swift; sourceTree = "<group>"; };
		26CD89822785448300B585FE /* SampleCodeTests.xctest */ = {isa = PBXFileReference; explicitFileType = wrapper.cfbundle; includeInIndex = 0; path = SampleCodeTests.xctest; sourceTree = BUILT_PRODUCTS_DIR; };
		26CD89842785448300B585FE /* SampleCodeTests.swift */ = {isa = PBXFileReference; lastKnownFileType = sourcecode.swift; path = SampleCodeTests.swift; sourceTree = "<group>"; };
		26CD89862785448300B585FE /* Info.plist */ = {isa = PBXFileReference; lastKnownFileType = text.plist.xml; path = Info.plist; sourceTree = "<group>"; };
		26CD898E278544A200B585FE /* LoggerMock.swift */ = {isa = PBXFileReference; lastKnownFileType = sourcecode.swift; path = LoggerMock.swift; sourceTree = "<group>"; };
/* End PBXFileReference section */

/* Begin PBXFrameworksBuildPhase section */
		26B0E62827853F9E00103630 /* Frameworks */ = {
			isa = PBXFrameworksBuildPhase;
			buildActionMask = 2147483647;
			files = (
			);
			runOnlyForDeploymentPostprocessing = 0;
		};
		26CD897F2785448300B585FE /* Frameworks */ = {
			isa = PBXFrameworksBuildPhase;
			buildActionMask = 2147483647;
			files = (
			);
			runOnlyForDeploymentPostprocessing = 0;
		};
/* End PBXFrameworksBuildPhase section */

/* Begin PBXGroup section */
		26B0E62227853F9E00103630 = {
			isa = PBXGroup;
			children = (
				26B0E62D27853F9E00103630 /* SampleCode */,
				26CD89832785448300B585FE /* SampleCodeTests */,
				26B0E62C27853F9E00103630 /* Products */,
			);
			sourceTree = "<group>";
		};
		26B0E62C27853F9E00103630 /* Products */ = {
			isa = PBXGroup;
			children = (
				26B0E62B27853F9E00103630 /* SampleCode.app */,
				26CD89822785448300B585FE /* SampleCodeTests.xctest */,
			);
			name = Products;
			sourceTree = "<group>";
		};
		26B0E62D27853F9E00103630 /* SampleCode */ = {
			isa = PBXGroup;
			children = (
				26B0E62E27853F9E00103630 /* AppDelegate.swift */,
				26B0E63027853F9E00103630 /* SceneDelegate.swift */,
				26B0E6432785413100103630 /* Focus */,
				26B0E63427853F9E00103630 /* Main.storyboard */,
				26B0E63727853FA000103630 /* Assets.xcassets */,
				26B0E63927853FA000103630 /* LaunchScreen.storyboard */,
				26B0E63C27853FA000103630 /* Info.plist */,
			);
			path = SampleCode;
			sourceTree = "<group>";
		};
		26B0E6432785413100103630 /* Focus */ = {
			isa = PBXGroup;
			children = (
				26B0E63227853F9E00103630 /* ViewController.swift */,
				26B0E6482785416B00103630 /* Logger.swift */,
				26B0E6442785415100103630 /* LoggerProtocol.swift */,
			);
			path = Focus;
			sourceTree = "<group>";
		};
		26CD89832785448300B585FE /* SampleCodeTests */ = {
			isa = PBXGroup;
			children = (
				26CD89842785448300B585FE /* SampleCodeTests.swift */,
				26CD89862785448300B585FE /* Info.plist */,
				26CD898E278544A200B585FE /* LoggerMock.swift */,
			);
			path = SampleCodeTests;
			sourceTree = "<group>";
		};
/* End PBXGroup section */

/* Begin PBXNativeTarget section */
		26B0E62A27853F9E00103630 /* SampleCode */ = {
			isa = PBXNativeTarget;
			buildConfigurationList = 26B0E63F27853FA000103630 /* Build configuration list for PBXNativeTarget "SampleCode" */;
			buildPhases = (
				26B0E62727853F9E00103630 /* Sources */,
				26B0E62827853F9E00103630 /* Frameworks */,
				26B0E62927853F9E00103630 /* Resources */,
			);
			buildRules = (
			);
			dependencies = (
			);
			name = SampleCode;
			productName = SampleCode;
			productReference = 26B0E62B27853F9E00103630 /* SampleCode.app */;
			productType = "com.apple.product-type.application";
		};
		26CD89812785448300B585FE /* SampleCodeTests */ = {
			isa = PBXNativeTarget;
			buildConfigurationList = 26CD89892785448300B585FE /* Build configuration list for PBXNativeTarget "SampleCodeTests" */;
			buildPhases = (
				26CD897E2785448300B585FE /* Sources */,
				26CD897F2785448300B585FE /* Frameworks */,
				26CD89802785448300B585FE /* Resources */,
			);
			buildRules = (
			);
			dependencies = (
				26CD89882785448300B585FE /* PBXTargetDependency */,
			);
			name = SampleCodeTests;
			productName = SampleCodeTests;
			productReference = 26CD89822785448300B585FE /* SampleCodeTests.xctest */;
			productType = "com.apple.product-type.bundle.unit-test";
		};
/* End PBXNativeTarget section */

/* Begin PBXProject section */
		26B0E62327853F9E00103630 /* Project object */ = {
			isa = PBXProject;
			attributes = {
				LastSwiftUpdateCheck = 1240;
				LastUpgradeCheck = 1240;
				TargetAttributes = {
					26B0E62A27853F9E00103630 = {
						CreatedOnToolsVersion = 12.4;
					};
					26CD89812785448300B585FE = {
						CreatedOnToolsVersion = 12.4;
						TestTargetID = 26B0E62A27853F9E00103630;
					};
				};
			};
			buildConfigurationList = 26B0E62627853F9E00103630 /* Build configuration list for PBXProject "SampleCode" */;
			compatibilityVersion = "Xcode 9.3";
			developmentRegion = en;
			hasScannedForEncodings = 0;
			knownRegions = (
				en,
				Base,
			);
			mainGroup = 26B0E62227853F9E00103630;
			productRefGroup = 26B0E62C27853F9E00103630 /* Products */;
			projectDirPath = "";
			projectRoot = "";
			targets = (
				26B0E62A27853F9E00103630 /* SampleCode */,
				26CD89812785448300B585FE /* SampleCodeTests */,
			);
		};
/* End PBXProject section */

/* Begin PBXResourcesBuildPhase section */
		26B0E62927853F9E00103630 /* Resources */ = {
			isa = PBXResourcesBuildPhase;
			buildActionMask = 2147483647;
			files = (
				26B0E63B27853FA000103630 /* LaunchScreen.storyboard in Resources */,
				26B0E63827853FA000103630 /* Assets.xcassets in Resources */,
				26B0E63627853F9E00103630 /* Main.storyboard in Resources */,
			);
			runOnlyForDeploymentPostprocessing = 0;
		};
		26CD89802785448300B585FE /* Resources */ = {
			isa = PBXResourcesBuildPhase;
			buildActionMask = 2147483647;
			files = (
			);
			runOnlyForDeploymentPostprocessing = 0;
		};
/* End PBXResourcesBuildPhase section */

/* Begin PBXSourcesBuildPhase section */
		26B0E62727853F9E00103630 /* Sources */ = {
			isa = PBXSourcesBuildPhase;
			buildActionMask = 2147483647;
			files = (
				26B0E6492785416B00103630 /* Logger.swift in Sources */,
				26B0E63327853F9E00103630 /* ViewController.swift in Sources */,
				26B0E6452785415100103630 /* LoggerProtocol.swift in Sources */,
				26B0E62F27853F9E00103630 /* AppDelegate.swift in Sources */,
				26B0E63127853F9E00103630 /* SceneDelegate.swift in Sources */,
			);
			runOnlyForDeploymentPostprocessing = 0;
		};
		26CD897E2785448300B585FE /* Sources */ = {
			isa = PBXSourcesBuildPhase;
			buildActionMask = 2147483647;
			files = (
				26CD89852785448300B585FE /* SampleCodeTests.swift in Sources */,
				26CD898F278544A200B585FE /* LoggerMock.swift in Sources */,
			);
			runOnlyForDeploymentPostprocessing = 0;
		};
/* End PBXSourcesBuildPhase section */

/* Begin PBXTargetDependency section */
		26CD89882785448300B585FE /* PBXTargetDependency */ = {
			isa = PBXTargetDependency;
			target = 26B0E62A27853F9E00103630 /* SampleCode */;
			targetProxy = 26CD89872785448300B585FE /* PBXContainerItemProxy */;
		};
/* End PBXTargetDependency section */

/* Begin PBXVariantGroup section */
		26B0E63427853F9E00103630 /* Main.storyboard */ = {
			isa = PBXVariantGroup;
			children = (
				26B0E63527853F9E00103630 /* Base */,
			);
			name = Main.storyboard;
			sourceTree = "<group>";
		};
		26B0E63927853FA000103630 /* LaunchScreen.storyboard */ = {
			isa = PBXVariantGroup;
			children = (
				26B0E63A27853FA000103630 /* Base */,
			);
			name = LaunchScreen.storyboard;
			sourceTree = "<group>";
		};
/* End PBXVariantGroup section */

/* Begin XCBuildConfiguration section */
		26B0E63D27853FA000103630 /* Debug */ = {
			isa = XCBuildConfiguration;
			buildSettings = {
				ALWAYS_SEARCH_USER_PATHS = NO;
				CLANG_ANALYZER_NONNULL = YES;
				CLANG_ANALYZER_NUMBER_OBJECT_CONVERSION = YES_AGGRESSIVE;
				CLANG_CXX_LANGUAGE_STANDARD = "gnu++14";
				CLANG_CXX_LIBRARY = "libc++";
				CLANG_ENABLE_MODULES = YES;
				CLANG_ENABLE_OBJC_ARC = YES;
				CLANG_ENABLE_OBJC_WEAK = YES;
				CLANG_WARN_BLOCK_CAPTURE_AUTORELEASING = YES;
				CLANG_WARN_BOOL_CONVERSION = YES;
				CLANG_WARN_COMMA = YES;
				CLANG_WARN_CONSTANT_CONVERSION = YES;
				CLANG_WARN_DEPRECATED_OBJC_IMPLEMENTATIONS = YES;
				CLANG_WARN_DIRECT_OBJC_ISA_USAGE = YES_ERROR;
				CLANG_WARN_DOCUMENTATION_COMMENTS = YES;
				CLANG_WARN_EMPTY_BODY = YES;
				CLANG_WARN_ENUM_CONVERSION = YES;
				CLANG_WARN_INFINITE_RECURSION = YES;
				CLANG_WARN_INT_CONVERSION = YES;
				CLANG_WARN_NON_LITERAL_NULL_CONVERSION = YES;
				CLANG_WARN_OBJC_IMPLICIT_RETAIN_SELF = YES;
				CLANG_WARN_OBJC_LITERAL_CONVERSION = YES;
				CLANG_WARN_OBJC_ROOT_CLASS = YES_ERROR;
				CLANG_WARN_QUOTED_INCLUDE_IN_FRAMEWORK_HEADER = YES;
				CLANG_WARN_RANGE_LOOP_ANALYSIS = YES;
				CLANG_WARN_STRICT_PROTOTYPES = YES;
				CLANG_WARN_SUSPICIOUS_MOVE = YES;
				CLANG_WARN_UNGUARDED_AVAILABILITY = YES_AGGRESSIVE;
				CLANG_WARN_UNREACHABLE_CODE = YES;
				CLANG_WARN__DUPLICATE_METHOD_MATCH = YES;
				COPY_PHASE_STRIP = NO;
				DEBUG_INFORMATION_FORMAT = dwarf;
				ENABLE_STRICT_OBJC_MSGSEND = YES;
				ENABLE_TESTABILITY = YES;
				GCC_C_LANGUAGE_STANDARD = gnu11;
				GCC_DYNAMIC_NO_PIC = NO;
				GCC_NO_COMMON_BLOCKS = YES;
				GCC_OPTIMIZATION_LEVEL = 0;
				GCC_PREPROCESSOR_DEFINITIONS = (
					"DEBUG=1",
					"$(inherited)",
				);
				GCC_WARN_64_TO_32_BIT_CONVERSION = YES;
				GCC_WARN_ABOUT_RETURN_TYPE = YES_ERROR;
				GCC_WARN_UNDECLARED_SELECTOR = YES;
				GCC_WARN_UNINITIALIZED_AUTOS = YES_AGGRESSIVE;
				GCC_WARN_UNUSED_FUNCTION = YES;
				GCC_WARN_UNUSED_VARIABLE = YES;
				IPHONEOS_DEPLOYMENT_TARGET = 14.4;
				MTL_ENABLE_DEBUG_INFO = INCLUDE_SOURCE;
				MTL_FAST_MATH = YES;
				ONLY_ACTIVE_ARCH = YES;
				SDKROOT = iphoneos;
				SWIFT_ACTIVE_COMPILATION_CONDITIONS = DEBUG;
				SWIFT_OPTIMIZATION_LEVEL = "-Onone";
			};
			name = Debug;
		};
		26B0E63E27853FA000103630 /* Release */ = {
			isa = XCBuildConfiguration;
			buildSettings = {
				ALWAYS_SEARCH_USER_PATHS = NO;
				CLANG_ANALYZER_NONNULL = YES;
				CLANG_ANALYZER_NUMBER_OBJECT_CONVERSION = YES_AGGRESSIVE;
				CLANG_CXX_LANGUAGE_STANDARD = "gnu++14";
				CLANG_CXX_LIBRARY = "libc++";
				CLANG_ENABLE_MODULES = YES;
				CLANG_ENABLE_OBJC_ARC = YES;
				CLANG_ENABLE_OBJC_WEAK = YES;
				CLANG_WARN_BLOCK_CAPTURE_AUTORELEASING = YES;
				CLANG_WARN_BOOL_CONVERSION = YES;
				CLANG_WARN_COMMA = YES;
				CLANG_WARN_CONSTANT_CONVERSION = YES;
				CLANG_WARN_DEPRECATED_OBJC_IMPLEMENTATIONS = YES;
				CLANG_WARN_DIRECT_OBJC_ISA_USAGE = YES_ERROR;
				CLANG_WARN_DOCUMENTATION_COMMENTS = YES;
				CLANG_WARN_EMPTY_BODY = YES;
				CLANG_WARN_ENUM_CONVERSION = YES;
				CLANG_WARN_INFINITE_RECURSION = YES;
				CLANG_WARN_INT_CONVERSION = YES;
				CLANG_WARN_NON_LITERAL_NULL_CONVERSION = YES;
				CLANG_WARN_OBJC_IMPLICIT_RETAIN_SELF = YES;
				CLANG_WARN_OBJC_LITERAL_CONVERSION = YES;
				CLANG_WARN_OBJC_ROOT_CLASS = YES_ERROR;
				CLANG_WARN_QUOTED_INCLUDE_IN_FRAMEWORK_HEADER = YES;
				CLANG_WARN_RANGE_LOOP_ANALYSIS = YES;
				CLANG_WARN_STRICT_PROTOTYPES = YES;
				CLANG_WARN_SUSPICIOUS_MOVE = YES;
				CLANG_WARN_UNGUARDED_AVAILABILITY = YES_AGGRESSIVE;
				CLANG_WARN_UNREACHABLE_CODE = YES;
				CLANG_WARN__DUPLICATE_METHOD_MATCH = YES;
				COPY_PHASE_STRIP = NO;
				DEBUG_INFORMATION_FORMAT = "dwarf-with-dsym";
				ENABLE_NS_ASSERTIONS = NO;
				ENABLE_STRICT_OBJC_MSGSEND = YES;
				GCC_C_LANGUAGE_STANDARD = gnu11;
				GCC_NO_COMMON_BLOCKS = YES;
				GCC_WARN_64_TO_32_BIT_CONVERSION = YES;
				GCC_WARN_ABOUT_RETURN_TYPE = YES_ERROR;
				GCC_WARN_UNDECLARED_SELECTOR = YES;
				GCC_WARN_UNINITIALIZED_AUTOS = YES_AGGRESSIVE;
				GCC_WARN_UNUSED_FUNCTION = YES;
				GCC_WARN_UNUSED_VARIABLE = YES;
				IPHONEOS_DEPLOYMENT_TARGET = 14.4;
				MTL_ENABLE_DEBUG_INFO = NO;
				MTL_FAST_MATH = YES;
				SDKROOT = iphoneos;
				SWIFT_COMPILATION_MODE = wholemodule;
				SWIFT_OPTIMIZATION_LEVEL = "-O";
				VALIDATE_PRODUCT = YES;
			};
			name = Release;
		};
		26B0E64027853FA000103630 /* Debug */ = {
			isa = XCBuildConfiguration;
			buildSettings = {
				ASSETCATALOG_COMPILER_APPICON_NAME = AppIcon;
				ASSETCATALOG_COMPILER_GLOBAL_ACCENT_COLOR_NAME = AccentColor;
				CODE_SIGN_STYLE = Automatic;
				INFOPLIST_FILE = SampleCode/Info.plist;
				LD_RUNPATH_SEARCH_PATHS = (
					"$(inherited)",
					"@executable_path/Frameworks",
				);
				PRODUCT_BUNDLE_IDENTIFIER = com.mohammad.SampleCode;
				PRODUCT_NAME = "$(TARGET_NAME)";
				SWIFT_VERSION = 5.0;
				TARGETED_DEVICE_FAMILY = "1,2";
			};
			name = Debug;
		};
		26B0E64127853FA000103630 /* Release */ = {
			isa = XCBuildConfiguration;
			buildSettings = {
				ASSETCATALOG_COMPILER_APPICON_NAME = AppIcon;
				ASSETCATALOG_COMPILER_GLOBAL_ACCENT_COLOR_NAME = AccentColor;
				CODE_SIGN_STYLE = Automatic;
				INFOPLIST_FILE = SampleCode/Info.plist;
				LD_RUNPATH_SEARCH_PATHS = (
					"$(inherited)",
					"@executable_path/Frameworks",
				);
				PRODUCT_BUNDLE_IDENTIFIER = com.mohammad.SampleCode;
				PRODUCT_NAME = "$(TARGET_NAME)";
				SWIFT_VERSION = 5.0;
				TARGETED_DEVICE_FAMILY = "1,2";
			};
			name = Release;
		};
		26CD898A2785448300B585FE /* Debug */ = {
			isa = XCBuildConfiguration;
			buildSettings = {
				BUNDLE_LOADER = "$(TEST_HOST)";
				CODE_SIGN_STYLE = Automatic;
				INFOPLIST_FILE = SampleCodeTests/Info.plist;
				LD_RUNPATH_SEARCH_PATHS = (
					"$(inherited)",
					"@executable_path/Frameworks",
					"@loader_path/Frameworks",
				);
				PRODUCT_BUNDLE_IDENTIFIER = com.mohammad.SampleCodeTests;
				PRODUCT_NAME = "$(TARGET_NAME)";
				SWIFT_VERSION = 5.0;
				TARGETED_DEVICE_FAMILY = "1,2";
				TEST_HOST = "$(BUILT_PRODUCTS_DIR)/SampleCode.app/SampleCode";
			};
			name = Debug;
		};
		26CD898B2785448300B585FE /* Release */ = {
			isa = XCBuildConfiguration;
			buildSettings = {
				BUNDLE_LOADER = "$(TEST_HOST)";
				CODE_SIGN_STYLE = Automatic;
				INFOPLIST_FILE = SampleCodeTests/Info.plist;
				LD_RUNPATH_SEARCH_PATHS = (
					"$(inherited)",
					"@executable_path/Frameworks",
					"@loader_path/Frameworks",
				);
				PRODUCT_BUNDLE_IDENTIFIER = com.mohammad.SampleCodeTests;
				PRODUCT_NAME = "$(TARGET_NAME)";
				SWIFT_VERSION = 5.0;
				TARGETED_DEVICE_FAMILY = "1,2";
				TEST_HOST = "$(BUILT_PRODUCTS_DIR)/SampleCode.app/SampleCode";
			};
			name = Release;
		};
/* End XCBuildConfiguration section */

/* Begin XCConfigurationList section */
		26B0E62627853F9E00103630 /* Build configuration list for PBXProject "SampleCode" */ = {
			isa = XCConfigurationList;
			buildConfigurations = (
				26B0E63D27853FA000103630 /* Debug */,
				26B0E63E27853FA000103630 /* Release */,
			);
			defaultConfigurationIsVisible = 0;
			defaultConfigurationName = Release;
		};
		26B0E63F27853FA000103630 /* Build configuration list for PBXNativeTarget "SampleCode" */ = {
			isa = XCConfigurationList;
			buildConfigurations = (
				26B0E64027853FA000103630 /* Debug */,
				26B0E64127853FA000103630 /* Release */,
			);
			defaultConfigurationIsVisible = 0;
			defaultConfigurationName = Release;
		};
		26CD89892785448300B585FE /* Build configuration list for PBXNativeTarget "SampleCodeTests" */ = {
			isa = XCConfigurationList;
			buildConfigurations = (
				26CD898A2785448300B585FE /* Debug */,
				26CD898B2785448300B585FE /* Release */,
			);
			defaultConfigurationIsVisible = 0;
			defaultConfigurationName = Release;
		};
/* End XCConfigurationList section */
	};
	rootObject = 26B0E62327853F9E00103630 /* Project object */;
}
